// !$*UTF8*$!
{
	archiveVersion = 1;
	classes = {
	};
	objectVersion = 77;
	objects = {

/* Begin PBXBuildFile section */
		3436F0F52D9675E400E5B244 /* ShoppingItems.swift in Sources */ = {isa = PBXBuildFile; fileRef = 3436F0F42D9675E400E5B244 /* ShoppingItems.swift */; };
		3436F0F72D974CDA00E5B244 /* ShoppingPurchasedItemCard.swift in Sources */ = {isa = PBXBuildFile; fileRef = 3436F0F62D974CDA00E5B244 /* ShoppingPurchasedItemCard.swift */; };
		347FBB982D9B455E0041B024 /* GardenItemCard.swift in Sources */ = {isa = PBXBuildFile; fileRef = 347FBB972D9B455E0041B024 /* GardenItemCard.swift */; };
		347FBB9A2D9B45F20041B024 /* GardenItems.swift in Sources */ = {isa = PBXBuildFile; fileRef = 347FBB992D9B45F20041B024 /* GardenItems.swift */; };
		348BB94D2D7B907200B9449C /* ShoppingItemCard.swift in Sources */ = {isa = PBXBuildFile; fileRef = 348BB94C2D7B907200B9449C /* ShoppingItemCard.swift */; };
		34D6A2612D526A33008EB2B9 /* ContentView.swift in Sources */ = {isa = PBXBuildFile; fileRef = 34D6A25D2D526A33008EB2B9 /* ContentView.swift */; };
		34D6A2622D526A33008EB2B9 /* DojodoroApp.swift in Sources */ = {isa = PBXBuildFile; fileRef = 34D6A25E2D526A33008EB2B9 /* DojodoroApp.swift */; };
		34D6A2632D526A33008EB2B9 /* Item.swift in Sources */ = {isa = PBXBuildFile; fileRef = 34D6A25F2D526A33008EB2B9 /* Item.swift */; };
		34D6A2642D526A33008EB2B9 /* Preview Assets.xcassets in Resources */ = {isa = PBXBuildFile; fileRef = 34D6A25A2D526A33008EB2B9 /* Preview Assets.xcassets */; };
		34D6A2652D526A33008EB2B9 /* Assets.xcassets in Resources */ = {isa = PBXBuildFile; fileRef = 34D6A25C2D526A33008EB2B9 /* Assets.xcassets */; };
		34D6A2C32D5651EE008EB2B9 /* PomodoroSingleton.swift in Sources */ = {isa = PBXBuildFile; fileRef = 34D6A2C22D5651EE008EB2B9 /* PomodoroSingleton.swift */; };
		34D6A2C62D5651F8008EB2B9 /* PomodoroHelpers.swift in Sources */ = {isa = PBXBuildFile; fileRef = 34D6A2C42D5651F8008EB2B9 /* PomodoroHelpers.swift */; };
		34D6A2C82D565217008EB2B9 /* TimeUnit.swift in Sources */ = {isa = PBXBuildFile; fileRef = 34D6A2C72D565217008EB2B9 /* TimeUnit.swift */; };
		34D6A2CB2D565224008EB2B9 /* IntExtensions.swift in Sources */ = {isa = PBXBuildFile; fileRef = 34D6A2C92D565224008EB2B9 /* IntExtensions.swift */; };
		34D6A2CD2D565241008EB2B9 /* Pomodoro.swift in Sources */ = {isa = PBXBuildFile; fileRef = 34D6A2CC2D565241008EB2B9 /* Pomodoro.swift */; };
		4C44C5BF2D9B67F4000CC03F /* Agdasima-Bold.ttf in Resources */ = {isa = PBXBuildFile; fileRef = 4C44C5BD2D9B67F4000CC03F /* Agdasima-Bold.ttf */; };
		4C44C5C02D9B67F4000CC03F /* Agdasima-Regular.ttf in Resources */ = {isa = PBXBuildFile; fileRef = 4C44C5BE2D9B67F4000CC03F /* Agdasima-Regular.ttf */; };
		4C44C5C52D9B687E000CC03F /* DotGothic16-Regular.ttf in Resources */ = {isa = PBXBuildFile; fileRef = 4C44C5C42D9B687E000CC03F /* DotGothic16-Regular.ttf */; };
		4C9D6A0D2D9DD5A700524814 /* CoinAndPriceComponent.swift in Sources */ = {isa = PBXBuildFile; fileRef = 4C9D6A0C2D9DD5A700524814 /* CoinAndPriceComponent.swift */; };
		4CDC0F4C2D6CDD190012FB93 /* Navigation.swift in Sources */ = {isa = PBXBuildFile; fileRef = 4CDC0F4B2D6CDD150012FB93 /* Navigation.swift */; };
		4CDC0F512D6CDDC00012FB93 /* NavigationViewModel.swift in Sources */ = {isa = PBXBuildFile; fileRef = 4CDC0F502D6CDDB90012FB93 /* NavigationViewModel.swift */; };
		4CDC0F532D6CFDBD0012FB93 /* TabBarView.swift in Sources */ = {isa = PBXBuildFile; fileRef = 4CDC0F522D6CFDB80012FB93 /* TabBarView.swift */; };
		4CDC0F552D6D018A0012FB93 /* GardenView.swift in Sources */ = {isa = PBXBuildFile; fileRef = 4CDC0F542D6D01870012FB93 /* GardenView.swift */; };
		4CDC0F572D6D01BB0012FB93 /* ShopView.swift in Sources */ = {isa = PBXBuildFile; fileRef = 4CDC0F562D6D01B60012FB93 /* ShopView.swift */; };
		4CDC0F592D6D01EC0012FB93 /* BonsaiView.swift in Sources */ = {isa = PBXBuildFile; fileRef = 4CDC0F582D6D01E70012FB93 /* BonsaiView.swift */; };
		4CF6AD092D9CAAE400DAA52A /* MojoButtonStyle.swift in Sources */ = {isa = PBXBuildFile; fileRef = 4CF6AD082D9CAAE400DAA52A /* MojoButtonStyle.swift */; };
		4CF6AD0C2D9CAAEC00DAA52A /* ShapeButtonMojo.swift in Sources */ = {isa = PBXBuildFile; fileRef = 4CF6AD0B2D9CAAEC00DAA52A /* ShapeButtonMojo.swift */; };
		4CF6AD0D2D9CAAEC00DAA52A /* MojoButton.swift in Sources */ = {isa = PBXBuildFile; fileRef = 4CF6AD0A2D9CAAEC00DAA52A /* MojoButton.swift */; };
/* End PBXBuildFile section */

/* Begin PBXContainerItemProxy section */
		34D6A23E2D526A2B008EB2B9 /* PBXContainerItemProxy */ = {
			isa = PBXContainerItemProxy;
			containerPortal = 34D6A2232D526A29008EB2B9 /* Project object */;
			proxyType = 1;
			remoteGlobalIDString = 34D6A22A2D526A29008EB2B9;
			remoteInfo = Dojodoro;
		};
		34D6A2482D526A2B008EB2B9 /* PBXContainerItemProxy */ = {
			isa = PBXContainerItemProxy;
			containerPortal = 34D6A2232D526A29008EB2B9 /* Project object */;
			proxyType = 1;
			remoteGlobalIDString = 34D6A22A2D526A29008EB2B9;
			remoteInfo = Dojodoro;
		};
/* End PBXContainerItemProxy section */

/* Begin PBXFileReference section */
		3436F0F42D9675E400E5B244 /* ShoppingItems.swift */ = {isa = PBXFileReference; lastKnownFileType = sourcecode.swift; path = ShoppingItems.swift; sourceTree = "<group>"; };
		3436F0F62D974CDA00E5B244 /* ShoppingPurchasedItemCard.swift */ = {isa = PBXFileReference; lastKnownFileType = sourcecode.swift; path = ShoppingPurchasedItemCard.swift; sourceTree = "<group>"; };
		347FBB972D9B455E0041B024 /* GardenItemCard.swift */ = {isa = PBXFileReference; lastKnownFileType = sourcecode.swift; path = GardenItemCard.swift; sourceTree = "<group>"; };
		347FBB992D9B45F20041B024 /* GardenItems.swift */ = {isa = PBXFileReference; lastKnownFileType = sourcecode.swift; path = GardenItems.swift; sourceTree = "<group>"; };
		348BB94C2D7B907200B9449C /* ShoppingItemCard.swift */ = {isa = PBXFileReference; lastKnownFileType = sourcecode.swift; path = ShoppingItemCard.swift; sourceTree = "<group>"; };
		34D6A22B2D526A29008EB2B9 /* Dojodoro.app */ = {isa = PBXFileReference; explicitFileType = wrapper.application; includeInIndex = 0; path = Dojodoro.app; sourceTree = BUILT_PRODUCTS_DIR; };
		34D6A23D2D526A2B008EB2B9 /* DojodoroTests.xctest */ = {isa = PBXFileReference; explicitFileType = wrapper.cfbundle; includeInIndex = 0; path = DojodoroTests.xctest; sourceTree = BUILT_PRODUCTS_DIR; };
		34D6A2472D526A2B008EB2B9 /* DojodoroUITests.xctest */ = {isa = PBXFileReference; explicitFileType = wrapper.cfbundle; includeInIndex = 0; path = DojodoroUITests.xctest; sourceTree = BUILT_PRODUCTS_DIR; };
		34D6A25A2D526A33008EB2B9 /* Preview Assets.xcassets */ = {isa = PBXFileReference; lastKnownFileType = folder.assetcatalog; path = "Preview Assets.xcassets"; sourceTree = "<group>"; };
		34D6A25C2D526A33008EB2B9 /* Assets.xcassets */ = {isa = PBXFileReference; lastKnownFileType = folder.assetcatalog; path = Assets.xcassets; sourceTree = "<group>"; };
		34D6A25D2D526A33008EB2B9 /* ContentView.swift */ = {isa = PBXFileReference; lastKnownFileType = sourcecode.swift; path = ContentView.swift; sourceTree = "<group>"; };
		34D6A25E2D526A33008EB2B9 /* DojodoroApp.swift */ = {isa = PBXFileReference; lastKnownFileType = sourcecode.swift; path = DojodoroApp.swift; sourceTree = "<group>"; };
		34D6A25F2D526A33008EB2B9 /* Item.swift */ = {isa = PBXFileReference; lastKnownFileType = sourcecode.swift; path = Item.swift; sourceTree = "<group>"; };
		34D6A2C22D5651EE008EB2B9 /* PomodoroSingleton.swift */ = {isa = PBXFileReference; lastKnownFileType = sourcecode.swift; path = PomodoroSingleton.swift; sourceTree = "<group>"; };
		34D6A2C42D5651F8008EB2B9 /* PomodoroHelpers.swift */ = {isa = PBXFileReference; lastKnownFileType = sourcecode.swift; path = PomodoroHelpers.swift; sourceTree = "<group>"; };
		34D6A2C72D565217008EB2B9 /* TimeUnit.swift */ = {isa = PBXFileReference; lastKnownFileType = sourcecode.swift; path = TimeUnit.swift; sourceTree = "<group>"; };
		34D6A2C92D565224008EB2B9 /* IntExtensions.swift */ = {isa = PBXFileReference; lastKnownFileType = sourcecode.swift; path = IntExtensions.swift; sourceTree = "<group>"; };
		34D6A2CC2D565241008EB2B9 /* Pomodoro.swift */ = {isa = PBXFileReference; lastKnownFileType = sourcecode.swift; path = Pomodoro.swift; sourceTree = "<group>"; };
		4C44C5BD2D9B67F4000CC03F /* Agdasima-Bold.ttf */ = {isa = PBXFileReference; lastKnownFileType = file; path = "Agdasima-Bold.ttf"; sourceTree = "<group>"; };
		4C44C5BE2D9B67F4000CC03F /* Agdasima-Regular.ttf */ = {isa = PBXFileReference; lastKnownFileType = file; path = "Agdasima-Regular.ttf"; sourceTree = "<group>"; };
		4C44C5C12D9B6813000CC03F /* Info.plist */ = {isa = PBXFileReference; lastKnownFileType = text.plist; path = Info.plist; sourceTree = "<group>"; };
		4C44C5C42D9B687E000CC03F /* DotGothic16-Regular.ttf */ = {isa = PBXFileReference; lastKnownFileType = file; path = "DotGothic16-Regular.ttf"; sourceTree = "<group>"; };
		4C9D6A0C2D9DD5A700524814 /* CoinAndPriceComponent.swift */ = {isa = PBXFileReference; lastKnownFileType = sourcecode.swift; path = CoinAndPriceComponent.swift; sourceTree = "<group>"; };
		4CDC0F4B2D6CDD150012FB93 /* Navigation.swift */ = {isa = PBXFileReference; lastKnownFileType = sourcecode.swift; path = Navigation.swift; sourceTree = "<group>"; };
		4CDC0F502D6CDDB90012FB93 /* NavigationViewModel.swift */ = {isa = PBXFileReference; lastKnownFileType = sourcecode.swift; path = NavigationViewModel.swift; sourceTree = "<group>"; };
		4CDC0F522D6CFDB80012FB93 /* TabBarView.swift */ = {isa = PBXFileReference; lastKnownFileType = sourcecode.swift; path = TabBarView.swift; sourceTree = "<group>"; };
		4CDC0F542D6D01870012FB93 /* GardenView.swift */ = {isa = PBXFileReference; lastKnownFileType = sourcecode.swift; path = GardenView.swift; sourceTree = "<group>"; };
		4CDC0F562D6D01B60012FB93 /* ShopView.swift */ = {isa = PBXFileReference; lastKnownFileType = sourcecode.swift; path = ShopView.swift; sourceTree = "<group>"; };
		4CDC0F582D6D01E70012FB93 /* BonsaiView.swift */ = {isa = PBXFileReference; lastKnownFileType = sourcecode.swift; path = BonsaiView.swift; sourceTree = "<group>"; };
		4CF6AD082D9CAAE400DAA52A /* MojoButtonStyle.swift */ = {isa = PBXFileReference; lastKnownFileType = sourcecode.swift; path = MojoButtonStyle.swift; sourceTree = "<group>"; };
		4CF6AD0A2D9CAAEC00DAA52A /* MojoButton.swift */ = {isa = PBXFileReference; lastKnownFileType = sourcecode.swift; path = MojoButton.swift; sourceTree = "<group>"; };
		4CF6AD0B2D9CAAEC00DAA52A /* ShapeButtonMojo.swift */ = {isa = PBXFileReference; lastKnownFileType = sourcecode.swift; path = ShapeButtonMojo.swift; sourceTree = "<group>"; };
/* End PBXFileReference section */

/* Begin PBXFileSystemSynchronizedRootGroup section */
		34D6A2402D526A2B008EB2B9 /* DojodoroTests */ = {
			isa = PBXFileSystemSynchronizedRootGroup;
			path = DojodoroTests;
			sourceTree = "<group>";
		};
		34D6A24A2D526A2B008EB2B9 /* DojodoroUITests */ = {
			isa = PBXFileSystemSynchronizedRootGroup;
			path = DojodoroUITests;
			sourceTree = "<group>";
		};
/* End PBXFileSystemSynchronizedRootGroup section */

/* Begin PBXFrameworksBuildPhase section */
		34D6A2282D526A29008EB2B9 /* Frameworks */ = {
			isa = PBXFrameworksBuildPhase;
			buildActionMask = 2147483647;
			files = (
			);
			runOnlyForDeploymentPostprocessing = 0;
		};
		34D6A23A2D526A2B008EB2B9 /* Frameworks */ = {
			isa = PBXFrameworksBuildPhase;
			buildActionMask = 2147483647;
			files = (
			);
			runOnlyForDeploymentPostprocessing = 0;
		};
		34D6A2442D526A2B008EB2B9 /* Frameworks */ = {
			isa = PBXFrameworksBuildPhase;
			buildActionMask = 2147483647;
			files = (
			);
			runOnlyForDeploymentPostprocessing = 0;
		};
/* End PBXFrameworksBuildPhase section */

/* Begin PBXGroup section */
		348BB94B2D7B902200B9449C /* Components */ = {
			isa = PBXGroup;
			children = (
				4CF6AD0A2D9CAAEC00DAA52A /* MojoButton.swift */,
				4CF6AD0B2D9CAAEC00DAA52A /* ShapeButtonMojo.swift */,
				4CF6AD082D9CAAE400DAA52A /* MojoButtonStyle.swift */,
				348BB94C2D7B907200B9449C /* ShoppingItemCard.swift */,
				3436F0F62D974CDA00E5B244 /* ShoppingPurchasedItemCard.swift */,
				347FBB972D9B455E0041B024 /* GardenItemCard.swift */,
				4C9D6A0C2D9DD5A700524814 /* CoinAndPriceComponent.swift */,
			);
			path = Components;
			sourceTree = "<group>";
		};
		34D6A2222D526A29008EB2B9 = {
			isa = PBXGroup;
			children = (
				34D6A2602D526A33008EB2B9 /* Dojodoro */,
				34D6A2402D526A2B008EB2B9 /* DojodoroTests */,
				34D6A24A2D526A2B008EB2B9 /* DojodoroUITests */,
				34D6A22C2D526A29008EB2B9 /* Products */,
			);
			sourceTree = "<group>";
		};
		34D6A22C2D526A29008EB2B9 /* Products */ = {
			isa = PBXGroup;
			children = (
				34D6A22B2D526A29008EB2B9 /* Dojodoro.app */,
				34D6A23D2D526A2B008EB2B9 /* DojodoroTests.xctest */,
				34D6A2472D526A2B008EB2B9 /* DojodoroUITests.xctest */,
			);
			name = Products;
			sourceTree = "<group>";
		};
		34D6A25B2D526A33008EB2B9 /* Preview Content */ = {
			isa = PBXGroup;
			children = (
				34D6A25A2D526A33008EB2B9 /* Preview Assets.xcassets */,
			);
			path = "Preview Content";
			sourceTree = "<group>";
		};
		34D6A2602D526A33008EB2B9 /* Dojodoro */ = {
			isa = PBXGroup;
			children = (
				4C44C5C12D9B6813000CC03F /* Info.plist */,
				34D6A2732D528E63008EB2B9 /* Assets */,
				34D6A2712D52897D008EB2B9 /* Models */,
				34D6A2702D52896F008EB2B9 /* Views */,
				34D6A2722D528984008EB2B9 /* ViewModels */,
				34D6A25E2D526A33008EB2B9 /* DojodoroApp.swift */,
			);
			path = Dojodoro;
			sourceTree = "<group>";
		};
		34D6A2702D52896F008EB2B9 /* Views */ = {
			isa = PBXGroup;
			children = (
				348BB94B2D7B902200B9449C /* Components */,
				4CDC0F582D6D01E70012FB93 /* BonsaiView.swift */,
				4CDC0F562D6D01B60012FB93 /* ShopView.swift */,
				4CDC0F542D6D01870012FB93 /* GardenView.swift */,
				4CDC0F522D6CFDB80012FB93 /* TabBarView.swift */,
				34D6A25D2D526A33008EB2B9 /* ContentView.swift */,
			);
			path = Views;
			sourceTree = "<group>";
		};
		34D6A2712D52897D008EB2B9 /* Models */ = {
			isa = PBXGroup;
			children = (
				4CDC0F4B2D6CDD150012FB93 /* Navigation.swift */,
				34D6A2CC2D565241008EB2B9 /* Pomodoro.swift */,
				34D6A2C72D565217008EB2B9 /* TimeUnit.swift */,
				34D6A25F2D526A33008EB2B9 /* Item.swift */,
				3436F0F42D9675E400E5B244 /* ShoppingItems.swift */,
				347FBB992D9B45F20041B024 /* GardenItems.swift */,
			);
			path = Models;
			sourceTree = "<group>";
		};
		34D6A2722D528984008EB2B9 /* ViewModels */ = {
			isa = PBXGroup;
			children = (
				4CDC0F502D6CDDB90012FB93 /* NavigationViewModel.swift */,
				34D6A2C52D5651F8008EB2B9 /* Helpers */,
				34D6A2CA2D565224008EB2B9 /* Extensions */,
				34D6A2742D528F20008EB2B9 /* PomodoroSingleton */,
			);
			path = ViewModels;
			sourceTree = "<group>";
		};
		34D6A2732D528E63008EB2B9 /* Assets */ = {
			isa = PBXGroup;
			children = (
				4C44C5BC2D9B67DF000CC03F /* Fonts */,
				34D6A25C2D526A33008EB2B9 /* Assets.xcassets */,
				34D6A25B2D526A33008EB2B9 /* Preview Content */,
			);
			path = Assets;
			sourceTree = "<group>";
		};
		34D6A2742D528F20008EB2B9 /* PomodoroSingleton */ = {
			isa = PBXGroup;
			children = (
				34D6A2C22D5651EE008EB2B9 /* PomodoroSingleton.swift */,
			);
			path = PomodoroSingleton;
			sourceTree = "<group>";
		};
		34D6A2C52D5651F8008EB2B9 /* Helpers */ = {
			isa = PBXGroup;
			children = (
				34D6A2C42D5651F8008EB2B9 /* PomodoroHelpers.swift */,
			);
			path = Helpers;
			sourceTree = "<group>";
		};
		34D6A2CA2D565224008EB2B9 /* Extensions */ = {
			isa = PBXGroup;
			children = (
				34D6A2C92D565224008EB2B9 /* IntExtensions.swift */,
			);
			path = Extensions;
			sourceTree = "<group>";
		};
		4C44C5BC2D9B67DF000CC03F /* Fonts */ = {
			isa = PBXGroup;
			children = (
				4C44C5BD2D9B67F4000CC03F /* Agdasima-Bold.ttf */,
				4C44C5BE2D9B67F4000CC03F /* Agdasima-Regular.ttf */,
				4C44C5C42D9B687E000CC03F /* DotGothic16-Regular.ttf */,
			);
			path = Fonts;
			sourceTree = "<group>";
		};
/* End PBXGroup section */

/* Begin PBXNativeTarget section */
		34D6A22A2D526A29008EB2B9 /* Dojodoro */ = {
			isa = PBXNativeTarget;
			buildConfigurationList = 34D6A2512D526A2B008EB2B9 /* Build configuration list for PBXNativeTarget "Dojodoro" */;
			buildPhases = (
				34D6A2272D526A29008EB2B9 /* Sources */,
				34D6A2282D526A29008EB2B9 /* Frameworks */,
				34D6A2292D526A29008EB2B9 /* Resources */,
			);
			buildRules = (
			);
			dependencies = (
			);
			name = Dojodoro;
			packageProductDependencies = (
			);
			productName = Dojodoro;
			productReference = 34D6A22B2D526A29008EB2B9 /* Dojodoro.app */;
			productType = "com.apple.product-type.application";
		};
		34D6A23C2D526A2B008EB2B9 /* DojodoroTests */ = {
			isa = PBXNativeTarget;
			buildConfigurationList = 34D6A2542D526A2B008EB2B9 /* Build configuration list for PBXNativeTarget "DojodoroTests" */;
			buildPhases = (
				34D6A2392D526A2B008EB2B9 /* Sources */,
				34D6A23A2D526A2B008EB2B9 /* Frameworks */,
				34D6A23B2D526A2B008EB2B9 /* Resources */,
			);
			buildRules = (
			);
			dependencies = (
				34D6A23F2D526A2B008EB2B9 /* PBXTargetDependency */,
			);
			fileSystemSynchronizedGroups = (
				34D6A2402D526A2B008EB2B9 /* DojodoroTests */,
			);
			name = DojodoroTests;
			packageProductDependencies = (
			);
			productName = DojodoroTests;
			productReference = 34D6A23D2D526A2B008EB2B9 /* DojodoroTests.xctest */;
			productType = "com.apple.product-type.bundle.unit-test";
		};
		34D6A2462D526A2B008EB2B9 /* DojodoroUITests */ = {
			isa = PBXNativeTarget;
			buildConfigurationList = 34D6A2572D526A2B008EB2B9 /* Build configuration list for PBXNativeTarget "DojodoroUITests" */;
			buildPhases = (
				34D6A2432D526A2B008EB2B9 /* Sources */,
				34D6A2442D526A2B008EB2B9 /* Frameworks */,
				34D6A2452D526A2B008EB2B9 /* Resources */,
			);
			buildRules = (
			);
			dependencies = (
				34D6A2492D526A2B008EB2B9 /* PBXTargetDependency */,
			);
			fileSystemSynchronizedGroups = (
				34D6A24A2D526A2B008EB2B9 /* DojodoroUITests */,
			);
			name = DojodoroUITests;
			packageProductDependencies = (
			);
			productName = DojodoroUITests;
			productReference = 34D6A2472D526A2B008EB2B9 /* DojodoroUITests.xctest */;
			productType = "com.apple.product-type.bundle.ui-testing";
		};
/* End PBXNativeTarget section */

/* Begin PBXProject section */
		34D6A2232D526A29008EB2B9 /* Project object */ = {
			isa = PBXProject;
			attributes = {
				BuildIndependentTargetsInParallel = 1;
				LastSwiftUpdateCheck = 1620;
				LastUpgradeCheck = 1620;
				TargetAttributes = {
					34D6A22A2D526A29008EB2B9 = {
						CreatedOnToolsVersion = 16.2;
					};
					34D6A23C2D526A2B008EB2B9 = {
						CreatedOnToolsVersion = 16.2;
						TestTargetID = 34D6A22A2D526A29008EB2B9;
					};
					34D6A2462D526A2B008EB2B9 = {
						CreatedOnToolsVersion = 16.2;
						TestTargetID = 34D6A22A2D526A29008EB2B9;
					};
				};
			};
			buildConfigurationList = 34D6A2262D526A29008EB2B9 /* Build configuration list for PBXProject "Dojodoro" */;
			developmentRegion = en;
			hasScannedForEncodings = 0;
			knownRegions = (
				en,
				Base,
			);
			mainGroup = 34D6A2222D526A29008EB2B9;
			minimizedProjectReferenceProxies = 1;
			preferredProjectObjectVersion = 77;
			productRefGroup = 34D6A22C2D526A29008EB2B9 /* Products */;
			projectDirPath = "";
			projectRoot = "";
			targets = (
				34D6A22A2D526A29008EB2B9 /* Dojodoro */,
				34D6A23C2D526A2B008EB2B9 /* DojodoroTests */,
				34D6A2462D526A2B008EB2B9 /* DojodoroUITests */,
			);
		};
/* End PBXProject section */

/* Begin PBXResourcesBuildPhase section */
		34D6A2292D526A29008EB2B9 /* Resources */ = {
			isa = PBXResourcesBuildPhase;
			buildActionMask = 2147483647;
			files = (
				4C44C5BF2D9B67F4000CC03F /* Agdasima-Bold.ttf in Resources */,
				4C44C5C02D9B67F4000CC03F /* Agdasima-Regular.ttf in Resources */,
				4C44C5C52D9B687E000CC03F /* DotGothic16-Regular.ttf in Resources */,
				34D6A2642D526A33008EB2B9 /* Preview Assets.xcassets in Resources */,
				34D6A2652D526A33008EB2B9 /* Assets.xcassets in Resources */,
			);
			runOnlyForDeploymentPostprocessing = 0;
		};
		34D6A23B2D526A2B008EB2B9 /* Resources */ = {
			isa = PBXResourcesBuildPhase;
			buildActionMask = 2147483647;
			files = (
			);
			runOnlyForDeploymentPostprocessing = 0;
		};
		34D6A2452D526A2B008EB2B9 /* Resources */ = {
			isa = PBXResourcesBuildPhase;
			buildActionMask = 2147483647;
			files = (
			);
			runOnlyForDeploymentPostprocessing = 0;
		};
/* End PBXResourcesBuildPhase section */

/* Begin PBXSourcesBuildPhase section */
		34D6A2272D526A29008EB2B9 /* Sources */ = {
			isa = PBXSourcesBuildPhase;
			buildActionMask = 2147483647;
			files = (
				34D6A2CD2D565241008EB2B9 /* Pomodoro.swift in Sources */,
				4CDC0F532D6CFDBD0012FB93 /* TabBarView.swift in Sources */,
				4CDC0F592D6D01EC0012FB93 /* BonsaiView.swift in Sources */,
				4CF6AD0C2D9CAAEC00DAA52A /* ShapeButtonMojo.swift in Sources */,
				4CF6AD0D2D9CAAEC00DAA52A /* MojoButton.swift in Sources */,
				347FBB982D9B455E0041B024 /* GardenItemCard.swift in Sources */,
				4CDC0F572D6D01BB0012FB93 /* ShopView.swift in Sources */,
				347FBB9A2D9B45F20041B024 /* GardenItems.swift in Sources */,
				34D6A2CB2D565224008EB2B9 /* IntExtensions.swift in Sources */,
				34D6A2C82D565217008EB2B9 /* TimeUnit.swift in Sources */,
				34D6A2C32D5651EE008EB2B9 /* PomodoroSingleton.swift in Sources */,
				34D6A2612D526A33008EB2B9 /* ContentView.swift in Sources */,
				4C9D6A0D2D9DD5A700524814 /* CoinAndPriceComponent.swift in Sources */,
				4CF6AD092D9CAAE400DAA52A /* MojoButtonStyle.swift in Sources */,
				3436F0F52D9675E400E5B244 /* ShoppingItems.swift in Sources */,
				348BB94D2D7B907200B9449C /* ShoppingItemCard.swift in Sources */,
				34D6A2622D526A33008EB2B9 /* DojodoroApp.swift in Sources */,
				3436F0F72D974CDA00E5B244 /* ShoppingPurchasedItemCard.swift in Sources */,
				4CDC0F552D6D018A0012FB93 /* GardenView.swift in Sources */,
				4CDC0F512D6CDDC00012FB93 /* NavigationViewModel.swift in Sources */,
				4CDC0F4C2D6CDD190012FB93 /* Navigation.swift in Sources */,
				34D6A2C62D5651F8008EB2B9 /* PomodoroHelpers.swift in Sources */,
				34D6A2632D526A33008EB2B9 /* Item.swift in Sources */,
			);
			runOnlyForDeploymentPostprocessing = 0;
		};
		34D6A2392D526A2B008EB2B9 /* Sources */ = {
			isa = PBXSourcesBuildPhase;
			buildActionMask = 2147483647;
			files = (
			);
			runOnlyForDeploymentPostprocessing = 0;
		};
		34D6A2432D526A2B008EB2B9 /* Sources */ = {
			isa = PBXSourcesBuildPhase;
			buildActionMask = 2147483647;
			files = (
			);
			runOnlyForDeploymentPostprocessing = 0;
		};
/* End PBXSourcesBuildPhase section */

/* Begin PBXTargetDependency section */
		34D6A23F2D526A2B008EB2B9 /* PBXTargetDependency */ = {
			isa = PBXTargetDependency;
			target = 34D6A22A2D526A29008EB2B9 /* Dojodoro */;
			targetProxy = 34D6A23E2D526A2B008EB2B9 /* PBXContainerItemProxy */;
		};
		34D6A2492D526A2B008EB2B9 /* PBXTargetDependency */ = {
			isa = PBXTargetDependency;
			target = 34D6A22A2D526A29008EB2B9 /* Dojodoro */;
			targetProxy = 34D6A2482D526A2B008EB2B9 /* PBXContainerItemProxy */;
		};
/* End PBXTargetDependency section */

/* Begin XCBuildConfiguration section */
		34D6A24F2D526A2B008EB2B9 /* Debug */ = {
			isa = XCBuildConfiguration;
			buildSettings = {
				ALWAYS_SEARCH_USER_PATHS = NO;
				ASSETCATALOG_COMPILER_GENERATE_SWIFT_ASSET_SYMBOL_EXTENSIONS = YES;
				CLANG_ANALYZER_NONNULL = YES;
				CLANG_ANALYZER_NUMBER_OBJECT_CONVERSION = YES_AGGRESSIVE;
				CLANG_CXX_LANGUAGE_STANDARD = "gnu++20";
				CLANG_ENABLE_MODULES = YES;
				CLANG_ENABLE_OBJC_ARC = YES;
				CLANG_ENABLE_OBJC_WEAK = YES;
				CLANG_WARN_BLOCK_CAPTURE_AUTORELEASING = YES;
				CLANG_WARN_BOOL_CONVERSION = YES;
				CLANG_WARN_COMMA = YES;
				CLANG_WARN_CONSTANT_CONVERSION = YES;
				CLANG_WARN_DEPRECATED_OBJC_IMPLEMENTATIONS = YES;
				CLANG_WARN_DIRECT_OBJC_ISA_USAGE = YES_ERROR;
				CLANG_WARN_DOCUMENTATION_COMMENTS = YES;
				CLANG_WARN_EMPTY_BODY = YES;
				CLANG_WARN_ENUM_CONVERSION = YES;
				CLANG_WARN_INFINITE_RECURSION = YES;
				CLANG_WARN_INT_CONVERSION = YES;
				CLANG_WARN_NON_LITERAL_NULL_CONVERSION = YES;
				CLANG_WARN_OBJC_IMPLICIT_RETAIN_SELF = YES;
				CLANG_WARN_OBJC_LITERAL_CONVERSION = YES;
				CLANG_WARN_OBJC_ROOT_CLASS = YES_ERROR;
				CLANG_WARN_QUOTED_INCLUDE_IN_FRAMEWORK_HEADER = YES;
				CLANG_WARN_RANGE_LOOP_ANALYSIS = YES;
				CLANG_WARN_STRICT_PROTOTYPES = YES;
				CLANG_WARN_SUSPICIOUS_MOVE = YES;
				CLANG_WARN_UNGUARDED_AVAILABILITY = YES_AGGRESSIVE;
				CLANG_WARN_UNREACHABLE_CODE = YES;
				CLANG_WARN__DUPLICATE_METHOD_MATCH = YES;
				COPY_PHASE_STRIP = NO;
				DEBUG_INFORMATION_FORMAT = dwarf;
				ENABLE_STRICT_OBJC_MSGSEND = YES;
				ENABLE_TESTABILITY = YES;
				ENABLE_USER_SCRIPT_SANDBOXING = YES;
				GCC_C_LANGUAGE_STANDARD = gnu17;
				GCC_DYNAMIC_NO_PIC = NO;
				GCC_NO_COMMON_BLOCKS = YES;
				GCC_OPTIMIZATION_LEVEL = 0;
				GCC_PREPROCESSOR_DEFINITIONS = (
					"DEBUG=1",
					"$(inherited)",
				);
				GCC_WARN_64_TO_32_BIT_CONVERSION = YES;
				GCC_WARN_ABOUT_RETURN_TYPE = YES_ERROR;
				GCC_WARN_UNDECLARED_SELECTOR = YES;
				GCC_WARN_UNINITIALIZED_AUTOS = YES_AGGRESSIVE;
				GCC_WARN_UNUSED_FUNCTION = YES;
				GCC_WARN_UNUSED_VARIABLE = YES;
				IPHONEOS_DEPLOYMENT_TARGET = 18.2;
				LOCALIZATION_PREFERS_STRING_CATALOGS = YES;
				MTL_ENABLE_DEBUG_INFO = INCLUDE_SOURCE;
				MTL_FAST_MATH = YES;
				ONLY_ACTIVE_ARCH = YES;
				SDKROOT = iphoneos;
				SWIFT_ACTIVE_COMPILATION_CONDITIONS = "DEBUG $(inherited)";
				SWIFT_OPTIMIZATION_LEVEL = "-Onone";
			};
			name = Debug;
		};
		34D6A2502D526A2B008EB2B9 /* Release */ = {
			isa = XCBuildConfiguration;
			buildSettings = {
				ALWAYS_SEARCH_USER_PATHS = NO;
				ASSETCATALOG_COMPILER_GENERATE_SWIFT_ASSET_SYMBOL_EXTENSIONS = YES;
				CLANG_ANALYZER_NONNULL = YES;
				CLANG_ANALYZER_NUMBER_OBJECT_CONVERSION = YES_AGGRESSIVE;
				CLANG_CXX_LANGUAGE_STANDARD = "gnu++20";
				CLANG_ENABLE_MODULES = YES;
				CLANG_ENABLE_OBJC_ARC = YES;
				CLANG_ENABLE_OBJC_WEAK = YES;
				CLANG_WARN_BLOCK_CAPTURE_AUTORELEASING = YES;
				CLANG_WARN_BOOL_CONVERSION = YES;
				CLANG_WARN_COMMA = YES;
				CLANG_WARN_CONSTANT_CONVERSION = YES;
				CLANG_WARN_DEPRECATED_OBJC_IMPLEMENTATIONS = YES;
				CLANG_WARN_DIRECT_OBJC_ISA_USAGE = YES_ERROR;
				CLANG_WARN_DOCUMENTATION_COMMENTS = YES;
				CLANG_WARN_EMPTY_BODY = YES;
				CLANG_WARN_ENUM_CONVERSION = YES;
				CLANG_WARN_INFINITE_RECURSION = YES;
				CLANG_WARN_INT_CONVERSION = YES;
				CLANG_WARN_NON_LITERAL_NULL_CONVERSION = YES;
				CLANG_WARN_OBJC_IMPLICIT_RETAIN_SELF = YES;
				CLANG_WARN_OBJC_LITERAL_CONVERSION = YES;
				CLANG_WARN_OBJC_ROOT_CLASS = YES_ERROR;
				CLANG_WARN_QUOTED_INCLUDE_IN_FRAMEWORK_HEADER = YES;
				CLANG_WARN_RANGE_LOOP_ANALYSIS = YES;
				CLANG_WARN_STRICT_PROTOTYPES = YES;
				CLANG_WARN_SUSPICIOUS_MOVE = YES;
				CLANG_WARN_UNGUARDED_AVAILABILITY = YES_AGGRESSIVE;
				CLANG_WARN_UNREACHABLE_CODE = YES;
				CLANG_WARN__DUPLICATE_METHOD_MATCH = YES;
				COPY_PHASE_STRIP = NO;
				DEBUG_INFORMATION_FORMAT = "dwarf-with-dsym";
				ENABLE_NS_ASSERTIONS = NO;
				ENABLE_STRICT_OBJC_MSGSEND = YES;
				ENABLE_USER_SCRIPT_SANDBOXING = YES;
				GCC_C_LANGUAGE_STANDARD = gnu17;
				GCC_NO_COMMON_BLOCKS = YES;
				GCC_WARN_64_TO_32_BIT_CONVERSION = YES;
				GCC_WARN_ABOUT_RETURN_TYPE = YES_ERROR;
				GCC_WARN_UNDECLARED_SELECTOR = YES;
				GCC_WARN_UNINITIALIZED_AUTOS = YES_AGGRESSIVE;
				GCC_WARN_UNUSED_FUNCTION = YES;
				GCC_WARN_UNUSED_VARIABLE = YES;
				IPHONEOS_DEPLOYMENT_TARGET = 18.2;
				LOCALIZATION_PREFERS_STRING_CATALOGS = YES;
				MTL_ENABLE_DEBUG_INFO = NO;
				MTL_FAST_MATH = YES;
				SDKROOT = iphoneos;
				SWIFT_COMPILATION_MODE = wholemodule;
				VALIDATE_PRODUCT = YES;
			};
			name = Release;
		};
		34D6A2522D526A2B008EB2B9 /* Debug */ = {
			isa = XCBuildConfiguration;
			buildSettings = {
				ASSETCATALOG_COMPILER_APPICON_NAME = AppIcon;
				ASSETCATALOG_COMPILER_GLOBAL_ACCENT_COLOR_NAME = AccentColor;
				CODE_SIGN_STYLE = Automatic;
				CURRENT_PROJECT_VERSION = 1;
				DEVELOPMENT_ASSET_PATHS = "\"Dojodoro/Assets/Preview Content\"";
				DEVELOPMENT_TEAM = 55WBX8T52B;
				ENABLE_PREVIEWS = YES;
				GENERATE_INFOPLIST_FILE = YES;
				INFOPLIST_FILE = Dojodoro/Info.plist;
				INFOPLIST_KEY_UIApplicationSceneManifest_Generation = YES;
				INFOPLIST_KEY_UIApplicationSupportsIndirectInputEvents = YES;
				INFOPLIST_KEY_UILaunchScreen_Generation = YES;
				INFOPLIST_KEY_UISupportedInterfaceOrientations_iPad = "UIInterfaceOrientationPortrait UIInterfaceOrientationPortraitUpsideDown UIInterfaceOrientationLandscapeLeft UIInterfaceOrientationLandscapeRight";
				INFOPLIST_KEY_UISupportedInterfaceOrientations_iPhone = "UIInterfaceOrientationPortrait UIInterfaceOrientationLandscapeLeft UIInterfaceOrientationLandscapeRight";
				LD_RUNPATH_SEARCH_PATHS = (
					"$(inherited)",
					"@executable_path/Frameworks",
				);
				MARKETING_VERSION = 1.0;
				PRODUCT_BUNDLE_IDENTIFIER = dojodoro.Dojodoro;
				PRODUCT_NAME = "$(TARGET_NAME)";
				SWIFT_EMIT_LOC_STRINGS = YES;
				SWIFT_VERSION = 5.0;
				TARGETED_DEVICE_FAMILY = "1,2";
			};
			name = Debug;
		};
		34D6A2532D526A2B008EB2B9 /* Release */ = {
			isa = XCBuildConfiguration;
			buildSettings = {
				ASSETCATALOG_COMPILER_APPICON_NAME = AppIcon;
				ASSETCATALOG_COMPILER_GLOBAL_ACCENT_COLOR_NAME = AccentColor;
				CODE_SIGN_STYLE = Automatic;
				CURRENT_PROJECT_VERSION = 1;
				DEVELOPMENT_ASSET_PATHS = "\"Dojodoro/Assets/Preview Content\"";
				DEVELOPMENT_TEAM = 55WBX8T52B;
				ENABLE_PREVIEWS = YES;
				GENERATE_INFOPLIST_FILE = YES;
				INFOPLIST_FILE = Dojodoro/Info.plist;
				INFOPLIST_KEY_UIApplicationSceneManifest_Generation = YES;
				INFOPLIST_KEY_UIApplicationSupportsIndirectInputEvents = YES;
				INFOPLIST_KEY_UILaunchScreen_Generation = YES;
				INFOPLIST_KEY_UISupportedInterfaceOrientations_iPad = "UIInterfaceOrientationPortrait UIInterfaceOrientationPortraitUpsideDown UIInterfaceOrientationLandscapeLeft UIInterfaceOrientationLandscapeRight";
				INFOPLIST_KEY_UISupportedInterfaceOrientations_iPhone = "UIInterfaceOrientationPortrait UIInterfaceOrientationLandscapeLeft UIInterfaceOrientationLandscapeRight";
				LD_RUNPATH_SEARCH_PATHS = (
					"$(inherited)",
					"@executable_path/Frameworks",
				);
				MARKETING_VERSION = 1.0;
				PRODUCT_BUNDLE_IDENTIFIER = dojodoro.Dojodoro;
				PRODUCT_NAME = "$(TARGET_NAME)";
				SWIFT_EMIT_LOC_STRINGS = YES;
				SWIFT_VERSION = 5.0;
				TARGETED_DEVICE_FAMILY = "1,2";
			};
			name = Release;
		};
		34D6A2552D526A2B008EB2B9 /* Debug */ = {
			isa = XCBuildConfiguration;
			buildSettings = {
				BUNDLE_LOADER = "$(TEST_HOST)";
				CODE_SIGN_STYLE = Automatic;
				CURRENT_PROJECT_VERSION = 1;
				DEVELOPMENT_TEAM = MT4A7M75NC;
				GENERATE_INFOPLIST_FILE = YES;
				IPHONEOS_DEPLOYMENT_TARGET = 18.2;
				MARKETING_VERSION = 1.0;
				PRODUCT_BUNDLE_IDENTIFIER = dojodoro.DojodoroTests;
				PRODUCT_NAME = "$(TARGET_NAME)";
				SWIFT_EMIT_LOC_STRINGS = NO;
				SWIFT_VERSION = 5.0;
				TARGETED_DEVICE_FAMILY = "1,2";
				TEST_HOST = "$(BUILT_PRODUCTS_DIR)/Dojodoro.app/$(BUNDLE_EXECUTABLE_FOLDER_PATH)/Dojodoro";
			};
			name = Debug;
		};
		34D6A2562D526A2B008EB2B9 /* Release */ = {
			isa = XCBuildConfiguration;
			buildSettings = {
				BUNDLE_LOADER = "$(TEST_HOST)";
				CODE_SIGN_STYLE = Automatic;
				CURRENT_PROJECT_VERSION = 1;
				DEVELOPMENT_TEAM = MT4A7M75NC;
				GENERATE_INFOPLIST_FILE = YES;
				IPHONEOS_DEPLOYMENT_TARGET = 18.2;
				MARKETING_VERSION = 1.0;
				PRODUCT_BUNDLE_IDENTIFIER = dojodoro.DojodoroTests;
				PRODUCT_NAME = "$(TARGET_NAME)";
				SWIFT_EMIT_LOC_STRINGS = NO;
				SWIFT_VERSION = 5.0;
				TARGETED_DEVICE_FAMILY = "1,2";
				TEST_HOST = "$(BUILT_PRODUCTS_DIR)/Dojodoro.app/$(BUNDLE_EXECUTABLE_FOLDER_PATH)/Dojodoro";
			};
			name = Release;
		};
		34D6A2582D526A2B008EB2B9 /* Debug */ = {
			isa = XCBuildConfiguration;
			buildSettings = {
				CODE_SIGN_STYLE = Automatic;
				CURRENT_PROJECT_VERSION = 1;
				DEVELOPMENT_TEAM = MT4A7M75NC;
				GENERATE_INFOPLIST_FILE = YES;
				MARKETING_VERSION = 1.0;
				PRODUCT_BUNDLE_IDENTIFIER = dojodoro.DojodoroUITests;
				PRODUCT_NAME = "$(TARGET_NAME)";
				SWIFT_EMIT_LOC_STRINGS = NO;
				SWIFT_VERSION = 5.0;
				TARGETED_DEVICE_FAMILY = "1,2";
				TEST_TARGET_NAME = Dojodoro;
			};
			name = Debug;
		};
		34D6A2592D526A2B008EB2B9 /* Release */ = {
			isa = XCBuildConfiguration;
			buildSettings = {
				CODE_SIGN_STYLE = Automatic;
				CURRENT_PROJECT_VERSION = 1;
				DEVELOPMENT_TEAM = MT4A7M75NC;
				GENERATE_INFOPLIST_FILE = YES;
				MARKETING_VERSION = 1.0;
				PRODUCT_BUNDLE_IDENTIFIER = dojodoro.DojodoroUITests;
				PRODUCT_NAME = "$(TARGET_NAME)";
				SWIFT_EMIT_LOC_STRINGS = NO;
				SWIFT_VERSION = 5.0;
				TARGETED_DEVICE_FAMILY = "1,2";
				TEST_TARGET_NAME = Dojodoro;
			};
			name = Release;
		};
/* End XCBuildConfiguration section */

/* Begin XCConfigurationList section */
		34D6A2262D526A29008EB2B9 /* Build configuration list for PBXProject "Dojodoro" */ = {
			isa = XCConfigurationList;
			buildConfigurations = (
				34D6A24F2D526A2B008EB2B9 /* Debug */,
				34D6A2502D526A2B008EB2B9 /* Release */,
			);
			defaultConfigurationIsVisible = 0;
			defaultConfigurationName = Release;
		};
		34D6A2512D526A2B008EB2B9 /* Build configuration list for PBXNativeTarget "Dojodoro" */ = {
			isa = XCConfigurationList;
			buildConfigurations = (
				34D6A2522D526A2B008EB2B9 /* Debug */,
				34D6A2532D526A2B008EB2B9 /* Release */,
			);
			defaultConfigurationIsVisible = 0;
			defaultConfigurationName = Release;
		};
		34D6A2542D526A2B008EB2B9 /* Build configuration list for PBXNativeTarget "DojodoroTests" */ = {
			isa = XCConfigurationList;
			buildConfigurations = (
				34D6A2552D526A2B008EB2B9 /* Debug */,
				34D6A2562D526A2B008EB2B9 /* Release */,
			);
			defaultConfigurationIsVisible = 0;
			defaultConfigurationName = Release;
		};
		34D6A2572D526A2B008EB2B9 /* Build configuration list for PBXNativeTarget "DojodoroUITests" */ = {
			isa = XCConfigurationList;
			buildConfigurations = (
				34D6A2582D526A2B008EB2B9 /* Debug */,
				34D6A2592D526A2B008EB2B9 /* Release */,
			);
			defaultConfigurationIsVisible = 0;
			defaultConfigurationName = Release;
		};
/* End XCConfigurationList section */
	};
	rootObject = 34D6A2232D526A29008EB2B9 /* Project object */;
}
